# THIS IS AN AUTOGENERATED FILE. DO NOT EDIT THIS FILE DIRECTLY.
# yarn lockfile v1


lodash@^4.17.21:
  version "4.17.21"
  resolved "https://registry.npmmirror.com/lodash/-/lodash-4.17.21.tgz#679591c564c3bffaae8454cf0b3df370c3d6911c"
  integrity sha512-v2kDEe57lecTulaDIuNTPy3Ry4gLGJ6Z1O3vE1krgXZNrsQ+LFTGHVxVjcXPs17LhbZVGedAJv8XZ1tvj5FvSg==

lowdb@^6.0.1:
  version "6.0.1"
  resolved "https://registry.npmmirror.com/lowdb/-/lowdb-6.0.1.tgz#2c84ae74340fa81ace9c8f17b2fd7fbf9544e7d4"
  integrity sha512-1ktuKYLlQzAWwl4/PQkIr8JzNXgcTM6rAhpXaQ6BR+VwI98Q8ZwMFhBOn9u0ldcW3K/WWzhYpS3xyGTshgVGzA==
  dependencies:
    steno "^3.0.0"

steno@^3.0.0:
  version "3.0.0"
  resolved "https://registry.npmmirror.com/steno/-/steno-3.0.0.tgz#212a11e8ef3646b610efc8953842f556fd0df28f"
  integrity sha512-uZtn7Ht9yXLiYgOsmo8btj4+f7VxyYheMt8g6F1ANjyqByQXEE2Gygjgenp3otHH1TlHsS4JAaRGv5wJ1wvMNw==
